<?xml version="1.0" encoding="utf-8"?>
<Project ToolsVersion="4.0" xmlns="http://schemas.microsoft.com/developer/msbuild/2003">
  <ItemGroup>
    <Filter Include="Source Files">
      <UniqueIdentifier>{4FC737F1-C7A5-4376-A066-2A32D752A2FF}</UniqueIdentifier>
      <Extensions>cpp;c;cc;cxx;c++;cppm;ixx;def;odl;idl;hpj;bat;asm;asmx</Extensions>
    </Filter>
    <Filter Include="Header Files">
      <UniqueIdentifier>{93995380-89BD-4b04-88EB-625FBE52EBFB}</UniqueIdentifier>
      <Extensions>h;hh;hpp;hxx;h++;hm;inl;inc;ipp;xsd</Extensions>
    </Filter>
    <Filter Include="Source Files\sokol">
      <UniqueIdentifier>{98e068e4-7304-43d8-9c0f-c185f0ca8433}</UniqueIdentifier>
    </Filter>
  </ItemGroup>
  <ItemGroup>
    <ClCompile Include="main.cpp">
      <Filter>Source Files</Filter>
    </ClCompile>
    <ClCompile Include="ScaleModule.cpp">
      <Filter>Source Files</Filter>
    </ClCompile>
    <ClCompile Include="EmitterBad.cpp">
      <Filter>Source Files</Filter>
    </ClCompile>
    <ClCompile Include="ParticleSystem.cpp">
      <Filter>Source Files</Filter>
    </ClCompile>
    <ClCompile Include="sokol.cpp">
      <Filter>Source Files</Filter>
    </ClCompile>
    <ClCompile Include="ColorModule.cpp">
      <Filter>Source Files</Filter>
    </ClCompile>
  </ItemGroup>
  <ItemGroup>
    <ClInclude Include="textured.glsl.h">
      <Filter>Header Files</Filter>
    </ClInclude>
    <ClInclude Include="particleTypes.h">
      <Filter>Header Files</Filter>
    </ClInclude>
    <ClInclude Include="ScaleModule.h">
      <Filter>Header Files</Filter>
    </ClInclude>
    <ClInclude Include="EmitterBad.h">
      <Filter>Header Files</Filter>
    </ClInclude>
    <ClInclude Include="Interfaces\IModule.h">
      <Filter>Header Files</Filter>
    </ClInclude>
    <ClInclude Include="ParticleSystem.h">
      <Filter>Header Files</Filter>
    </ClInclude>
    <ClInclude Include="Utility.h">
      <Filter>Header Files</Filter>
    </ClInclude>
    <ClInclude Include="..\sokol\sokol_app.h">
      <Filter>Source Files\sokol</Filter>
    </ClInclude>
    <ClInclude Include="..\sokol\sokol_args.h">
      <Filter>Source Files\sokol</Filter>
    </ClInclude>
    <ClInclude Include="..\sokol\sokol_audio.h">
      <Filter>Source Files\sokol</Filter>
    </ClInclude>
    <ClInclude Include="..\sokol\sokol_fetch.h">
      <Filter>Source Files\sokol</Filter>
    </ClInclude>
    <ClInclude Include="..\sokol\sokol_gfx.h">
      <Filter>Source Files\sokol</Filter>
    </ClInclude>
    <ClInclude Include="..\sokol\sokol_glue.h">
      <Filter>Source Files\sokol</Filter>
    </ClInclude>
    <ClInclude Include="..\sokol\sokol_log.h">
      <Filter>Source Files\sokol</Filter>
    </ClInclude>
    <ClInclude Include="..\sokol\sokol_time.h">
      <Filter>Source Files\sokol</Filter>
    </ClInclude>
    <ClInclude Include="ColorModule.h">
      <Filter>Header Files</Filter>
    </ClInclude>
  </ItemGroup>
  <ItemGroup>
    <None Include="textured.glsl" />
  </ItemGroup>
</Project>